
Microsoft Visual Studio Solution File, Format Version 12.00
# 
Project("{FAE04EC0-301F-11D3-BF4B-00C04F79EFBC}") = "AuthFlowDoctor", "AuthFlowDoctor\AuthFlowDoctor.csproj", "{279B8149-7D02-4B28-B473-F653E8D6D764}"
EndProject
Project("{FAE04EC0-301F-11D3-BF4B-00C04F79EFBC}") = "AuthFlowDoctor.Tests", "AuthFlowDoctor.Tests\AuthFlowDoctor.Tests.csproj", "{97BA8285-BD9A-482E-932D-2B152A98C674}"
EndProject
Global
	GlobalSection(SolutionConfigurationPlatforms) = preSolution
		Debug|Any CPU = Debug|Any CPU
		Release|Any CPU = Release|Any CPU
	EndGlobalSection
	GlobalSection(ProjectConfigurationPlatforms) = postSolution
		{279B8149-7D02-4B28-B473-F653E8D6D764}.Debug|Any CPU.ActiveCfg = Debug|Any CPU
		{279B8149-7D02-4B28-B473-F653E8D6D764}.Debug|Any CPU.Build.0 = Debug|Any CPU
		{279B8149-7D02-4B28-B473-F653E8D6D764}.Release|Any CPU.ActiveCfg = Release|Any CPU
		{279B8149-7D02-4B28-B473-F653E8D6D764}.Release|Any CPU.Build.0 = Release|Any CPU
		{97BA8285-BD9A-482E-932D-2B152A98C674}.Debug|Any CPU.ActiveCfg = Debug|Any CPU
		{97BA8285-BD9A-482E-932D-2B152A98C674}.Debug|Any CPU.Build.0 = Debug|Any CPU
		{97BA8285-BD9A-482E-932D-2B152A98C674}.Release|Any CPU.ActiveCfg = Release|Any CPU
		{97BA8285-BD9A-482E-932D-2B152A98C674}.Release|Any CPU.Build.0 = Release|Any CPU
	EndGlobalSection
EndGlobal
